{
  "name": "@kellymuterian/project-beta",
  "version": "1.0.0",
  "lockfileVersion": 3,
  "requires": true,
  "packages": {
    "": {
      "name": "@kellymuterian/project-beta",
      "version": "1.0.0",
      "license": "MIT",
      "dependencies": {
        "@kellymuterian/utils-shared": "^1.0.1"
      }
    },
    "node_modules/@kellymuterian/utils-shared": {
      "version": "1.0.1",
      "resolved": "https://npm.pkg.github.com/download/@Kellymuterian/utils-shared/1.0.1/8bda2ed85482a4d8d1ab712d6f9535b93db84ecf",
      "integrity": "sha512-muiRtJi6Z/ex/FFmUGvhDXK9KCnqUEWFCBWZ/rnMUvehk8eKtigLZMr9pwQM3ViNpAVEFzhDMdvRK4PCa76N0A==",
      "license": "MIT"
    }
  }
}
