{
  "name": "project-beta",
  "version": "1.0.0",
  "lockfileVersion": 3,
  "requires": true,
  "packages": {
    "": {
      "name": "project-beta",
      "version": "1.0.0",
      "license": "ISC",
      "dependencies": {
        "@kellymuterian/utils-shared": "npm:@Kellymuterian/utils-shared@^1.0.0"
      }
    },
    "node_modules/@kellymuterian/utils-shared": {
      "name": "@Kellymuterian/utils-shared",
      "version": "1.0.0",
      "resolved": "https://npm.pkg.github.com/download/@Kellymuterian/utils-shared/1.0.0/fcdd7f729918fcfc82c427b06053f8c306801c82",
      "integrity": "sha512-Z7gPSOXimTNPejCcdLRehkNjV2Ny9yabp/OB0UqY9MASehRZAGHJ7I9UlbYInBViDK/9rMdxbkU6nuljujVr4Q==",
      "license": "MIT"
    }
  }
}
